
Microsoft Visual Studio Solution File, Format Version 12.00
# Visual Studio 15
VisualStudioVersion = 15.0.28010.2046
MinimumVisualStudioVersion = 10.0.40219.1
Project("{9A19103F-16F7-4668-BE54-9A1E7A4F7556}") = "EMRedemption", "EMRedemption\EMRedemption.csproj", "{3FD5C973-E31F-4670-9AB0-107A7E4D6F4B}"
EndProject
Project("{9A19103F-16F7-4668-BE54-9A1E7A4F7556}") = "AWSLamdaCallApi", "AWSLamdaCallApi\AWSLamdaCallApi.csproj", "{FBBEEEA5-DC46-43DF-9CE4-FBEB91056D68}"
EndProject
Global
	GlobalSection(SolutionConfigurationPlatforms) = preSolution
		Debug|Any CPU = Debug|Any CPU
		Release|Any CPU = Release|Any CPU
	EndGlobalSection
	GlobalSection(ProjectConfigurationPlatforms) = postSolution
		{3FD5C973-E31F-4670-9AB0-107A7E4D6F4B}.Debug|Any CPU.ActiveCfg = Debug|Any CPU
		{3FD5C973-E31F-4670-9AB0-107A7E4D6F4B}.Debug|Any CPU.Build.0 = Debug|Any CPU
		{3FD5C973-E31F-4670-9AB0-107A7E4D6F4B}.Release|Any CPU.ActiveCfg = Release|Any CPU
		{3FD5C973-E31F-4670-9AB0-107A7E4D6F4B}.Release|Any CPU.Build.0 = Release|Any CPU
		{FBBEEEA5-DC46-43DF-9CE4-FBEB91056D68}.Debug|Any CPU.ActiveCfg = Debug|Any CPU
		{FBBEEEA5-DC46-43DF-9CE4-FBEB91056D68}.Debug|Any CPU.Build.0 = Debug|Any CPU
		{FBBEEEA5-DC46-43DF-9CE4-FBEB91056D68}.Release|Any CPU.ActiveCfg = Release|Any CPU
		{FBBEEEA5-DC46-43DF-9CE4-FBEB91056D68}.Release|Any CPU.Build.0 = Release|Any CPU
	EndGlobalSection
	GlobalSection(SolutionProperties) = preSolution
		HideSolutionNode = FALSE
	EndGlobalSection
	GlobalSection(ExtensibilityGlobals) = postSolution
		SolutionGuid = {7D27D45C-1356-4BFF-9D1C-02F72F334435}
	EndGlobalSection
EndGlobal
